
Microsoft Visual Studio Solution File, Format Version 12.00
# Visual Studio Version 17
VisualStudioVersion = 17.7.34031.279
MinimumVisualStudioVersion = 10.0.40219.1
Project("{9A19103F-16F7-4668-BE54-9A1E7A4F7556}") = "UserService", "UserService\UserService.csproj", "{C80B28A5-ABEC-422F-9ADA-5D4E231A9A82}"
EndProject
Project("{9A19103F-16F7-4668-BE54-9A1E7A4F7556}") = "ApiGatewayService", "ApiGatewayService\ApiGatewayService.csproj", "{CC3BE641-7A3F-4196-900E-7FB83433C2B2}"
EndProject
Project("{2150E333-8FDC-42A3-9474-1A3956D46DE8}") = "Solution Items", "Solution Items", "{4145887B-D84B-4645-BCF7-6AA0781FC48B}"
	ProjectSection(SolutionItems) = preProject
		azure-pipelines.yml = azure-pipelines.yml
		docker-compose.yml = docker-compose.yml
	EndProjectSection
EndProject
Project("{9A19103F-16F7-4668-BE54-9A1E7A4F7556}") = "SharedModels", "SharedModels\SharedModels.csproj", "{CF01AAD8-ED68-4514-8DED-F900CB90F43E}"
EndProject
Project("{9A19103F-16F7-4668-BE54-9A1E7A4F7556}") = "RouletteService", "RouletteService\RouletteService.csproj", "{92DB8523-EF7B-48BF-A588-51902EF8BD48}"
EndProject
Global
	GlobalSection(SolutionConfigurationPlatforms) = preSolution
		Debug|Any CPU = Debug|Any CPU
		Release|Any CPU = Release|Any CPU
	EndGlobalSection
	GlobalSection(ProjectConfigurationPlatforms) = postSolution
		{C80B28A5-ABEC-422F-9ADA-5D4E231A9A82}.Debug|Any CPU.ActiveCfg = Debug|Any CPU
		{C80B28A5-ABEC-422F-9ADA-5D4E231A9A82}.Debug|Any CPU.Build.0 = Debug|Any CPU
		{C80B28A5-ABEC-422F-9ADA-5D4E231A9A82}.Release|Any CPU.ActiveCfg = Release|Any CPU
		{C80B28A5-ABEC-422F-9ADA-5D4E231A9A82}.Release|Any CPU.Build.0 = Release|Any CPU
		{CC3BE641-7A3F-4196-900E-7FB83433C2B2}.Debug|Any CPU.ActiveCfg = Debug|Any CPU
		{CC3BE641-7A3F-4196-900E-7FB83433C2B2}.Debug|Any CPU.Build.0 = Debug|Any CPU
		{CC3BE641-7A3F-4196-900E-7FB83433C2B2}.Release|Any CPU.ActiveCfg = Release|Any CPU
		{CC3BE641-7A3F-4196-900E-7FB83433C2B2}.Release|Any CPU.Build.0 = Release|Any CPU
		{CF01AAD8-ED68-4514-8DED-F900CB90F43E}.Debug|Any CPU.ActiveCfg = Debug|Any CPU
		{CF01AAD8-ED68-4514-8DED-F900CB90F43E}.Debug|Any CPU.Build.0 = Debug|Any CPU
		{CF01AAD8-ED68-4514-8DED-F900CB90F43E}.Release|Any CPU.ActiveCfg = Release|Any CPU
		{CF01AAD8-ED68-4514-8DED-F900CB90F43E}.Release|Any CPU.Build.0 = Release|Any CPU
		{92DB8523-EF7B-48BF-A588-51902EF8BD48}.Debug|Any CPU.ActiveCfg = Debug|Any CPU
		{92DB8523-EF7B-48BF-A588-51902EF8BD48}.Debug|Any CPU.Build.0 = Debug|Any CPU
		{92DB8523-EF7B-48BF-A588-51902EF8BD48}.Release|Any CPU.ActiveCfg = Release|Any CPU
		{92DB8523-EF7B-48BF-A588-51902EF8BD48}.Release|Any CPU.Build.0 = Release|Any CPU
	EndGlobalSection
	GlobalSection(SolutionProperties) = preSolution
		HideSolutionNode = FALSE
	EndGlobalSection
	GlobalSection(ExtensibilityGlobals) = postSolution
		SolutionGuid = {79E542FD-72BE-4660-8BB9-068FD18F349E}
	EndGlobalSection
EndGlobal
